version = 1
revision = 3
requires-python = ">=3.12, <3.15"

[[package]]
name = "colorama"
version = "0.4.6"
source = { registry = "https://pypi.org/simple" }
sdist = { url = "https://files.pythonhosted.org/packages/d8/53/6f443c9a4a8358a93a6792e2acffb9d9d5cb0a5cfd8802644b7b1c9a02e4/colorama-0.4.6.tar.gz", hash = "sha256:08695f5cb7ed6e0531a20572697297273c47b8cae5a63ffc6d6ed5c201be6e44", size = 27697, upload-time = "2022-10-25T02:36:22.414Z" }
wheels = [
    { url = "https://files.pythonhosted.org/packages/d1/d6/3965ed04c63042e047cb6a3e6ed1a63a35087b6a609aa3a15ed8ac56c221/colorama-0.4.6-py2.py3-none-any.whl", hash = "sha256:4f1d9991f5acc0ca119f9d443620b77f9d6b33703e51011c16baf57afb285fc6", size = 25335, upload-time = "2022-10-25T02:36:20.889Z" },
]

[[package]]
name = "frida"
version = "17.9.1"
source = { registry = "https://pypi.org/simple" }
sdist = { url = "https://files.pythonhosted.org/packages/3e/b9/bf5f9fa7b4b754ec5db07046601e262179634f32546c0b680de88cd4f369/frida-17.9.1.tar.gz", hash = "sha256:93294cc26925dfcd8a54ff25bf5d1746e0bf1b9fadb1af106047e945000759e4", size = 926672, upload-time = "2026-03-27T11:30:11.03Z" }
wheels = [
    { url = "https://files.pythonhosted.org/packages/a6/37/caab02e685217a47aed8a1dc8e91f0a951ee4327308af0aaa5343fd503e0/frida-17.9.1-cp37-abi3-macosx_10_13_x86_64.whl", hash = "sha256:21ed514da56a3cf6bd6064b117334528c9dd902512887f3f17032a3ba96aa1c7", size = 23107061, upload-time = "2026-03-27T11:29:35.468Z" },
    { url = "https://files.pythonhosted.org/packages/aa/21/37f72cdce3e63d1a52a8c11f3c8c0464ee534ae967094b721457308abdd7/frida-17.9.1-cp37-abi3-macosx_11_0_arm64.whl", hash = "sha256:bbc552e2afb220f284719039bd061a39648ee39b58316e3d75226657c3b57404", size = 32466196, upload-time = "2026-03-27T11:29:37.977Z" },
    { url = "https://files.pythonhosted.org/packages/fe/90/24d63cefac46c7cfe09c3a832e9f7e5b3632162cb7599dfd6167795b9769/frida-17.9.1-cp37-abi3-manylinux1_i686.whl", hash = "sha256:4c46c43f130d2c3b40f3c0c52e33d7455027c726a6e6d7c430710ffb851330f0", size = 20655829, upload-time = "2026-03-27T11:29:40.636Z" },
    { url = "https://files.pythonhosted.org/packages/5b/23/0acbe278e255834956cc47a1d3733545608ed64f086204cf966750d190f4/frida-17.9.1-cp37-abi3-manylinux1_x86_64.whl", hash = "sha256:d24df260e79ba354404f7307de55f80e9d0d50c393ba6d1255adfcea08c6bd62", size = 32876795, upload-time = "2026-03-27T11:29:43.479Z" },
    { url = "https://files.pythonhosted.org/packages/a2/fd/db46b22d5931ef7d6945f691b68991c5661d99b05fa1ed0fe491fb318353/frida-17.9.1-cp37-abi3-manylinux2014_aarch64.whl", hash = "sha256:a4461839e19769e4b3b799c0536dcdbb12ee46e26c37a9a6bf93cbd96efed717", size = 21464979, upload-time = "2026-03-27T11:29:46.246Z" },
    { url = "https://files.pythonhosted.org/packages/af/d2/afcec999bf2a4c1c5fc4a3ddf400333de4a70bb980a49e6c241c4f58e7fa/frida-17.9.1-cp37-abi3-manylinux2014_armv7l.whl", hash = "sha256:3772b7b24731a64f5d13a8ac660d9e7d4a00ea07e2b461b242963c75b555e3fe", size = 19305318, upload-time = "2026-03-27T11:29:48.881Z" },
    { url = "https://files.pythonhosted.org/packages/44/d7/3203baab36d84b223d6717c51f22e70d8694e1b8536e684d120630921723/frida-17.9.1-cp37-abi3-manylinux_2_17_aarch64.whl", hash = "sha256:0d1fb3ed3aeb265368a1f68fe4a4371b4a2eb2e7bd7cf9ab179611657da4ab8a", size = 21464980, upload-time = "2026-03-27T11:29:51.14Z" },
    { url = "https://files.pythonhosted.org/packages/1b/0a/e3356b2cc9d0bec241fd1d38f7d7037d88996c8c0f08e5b844e1607aeeaa/frida-17.9.1-cp37-abi3-manylinux_2_17_armv7l.whl", hash = "sha256:e132df555925f1b0079d922d7f0c71011855b82e0925cc0a99caaeeff9d0b5bb", size = 19305319, upload-time = "2026-03-27T11:29:53.444Z" },
    { url = "https://files.pythonhosted.org/packages/cd/f4/07bb67d0be35e841f350b22eb7fa39dea0b65a53acb3de13f95a44e1cfae/frida-17.9.1-cp37-abi3-manylinux_2_5_i686.whl", hash = "sha256:430d393501c68fc3413fe0b02dc3ded672f29a668264949c325bd90793b6a9e9", size = 20655835, upload-time = "2026-03-27T11:29:56.269Z" },
    { url = "https://files.pythonhosted.org/packages/0c/a4/41e4a0cdbe3c087d76642c7aa98184049a43cedd4244978ad55df3ad8f20/frida-17.9.1-cp37-abi3-manylinux_2_5_x86_64.whl", hash = "sha256:00114569655a0884ce6f590f053512b537392756d8830361001552492906c613", size = 32876800, upload-time = "2026-03-27T11:29:58.97Z" },
    { url = "https://files.pythonhosted.org/packages/eb/17/d3897089c9fedbf149753ec0af91d674452cb8a54b3f91f93c1384617064/frida-17.9.1-cp37-abi3-win32.whl", hash = "sha256:8bcbf74167b7b6fd3810e939f416600a1e19ef09cb1cbe4282bab2058ff46d94", size = 39270142, upload-time = "2026-03-27T11:30:01.892Z" },
    { url = "https://files.pythonhosted.org/packages/b3/92/ac7209448a51a371857069a2966392b9c83c5ed1b15ef9f2221277dad79d/frida-17.9.1-cp37-abi3-win_amd64.whl", hash = "sha256:edb881085c686987cffb0503bc13b795f694de2ca4eed0a7526e22e5f16a8d14", size = 41910870, upload-time = "2026-03-27T11:30:05.125Z" },
    { url = "https://files.pythonhosted.org/packages/d4/92/736e252d76d7bd10d0a665dd89071a0906fe1141417695d1f19f95287871/frida-17.9.1-cp37-abi3-win_arm64.whl", hash = "sha256:519564df2f65ec6960387d190d02cad25784b093910d888488030cbea760015a", size = 51797963, upload-time = "2026-03-27T11:30:08.407Z" },
]

[[package]]
name = "iniconfig"
version = "2.3.0"
source = { registry = "https://pypi.org/simple" }
sdist = { url = "https://files.pythonhosted.org/packages/72/34/14ca021ce8e5dfedc35312d08ba8bf51fdd999c576889fc2c24cb97f4f10/iniconfig-2.3.0.tar.gz", hash = "sha256:c76315c77db068650d49c5b56314774a7804df16fee4402c1f19d6d15d8c4730", size = 20503, upload-time = "2025-10-18T21:55:43.219Z" }
wheels = [
    { url = "https://files.pythonhosted.org/packages/cb/b1/3846dd7f199d53cb17f49cba7e651e9ce294d8497c8c150530ed11865bb8/iniconfig-2.3.0-py3-none-any.whl", hash = "sha256:f631c04d2c48c52b84d0d0549c99ff3859c98df65b3101406327ecc7d53fbf12", size = 7484, upload-time = "2025-10-18T21:55:41.639Z" },
]

[[package]]
name = "lief"
version = "0.17.6"
source = { registry = "https://pypi.org/simple" }
sdist = { url = "https://files.pythonhosted.org/packages/d9/b9/6b27bff4676de0db4231ca585ed35bc6e13f5430c1bbf0ad0e9d2e9f552f/lief-0.17.6.tar.gz", hash = "sha256:c2164243f152e82c49b0ccd606155b758644f4b1ee221f0dbd4da055469a922f", size = 7171, upload-time = "2026-03-18T06:59:43.351Z" }
wheels = [
    { url = "https://files.pythonhosted.org/packages/1f/29/e7a0dabcb853867da70fda2b397012dd3d9ef4994ab7e8bd21f248bea64b/lief-0.17.6-cp312-cp312-macosx_11_0_arm64.whl", hash = "sha256:c5a19642e42578fe0b701bd86b10dd7e86d69c35c67d25ac1433f72410a7c2bb", size = 2997018, upload-time = "2026-03-18T06:57:53.686Z" },
    { url = "https://files.pythonhosted.org/packages/97/1b/ad22e3e18b462ad3e3737cd07f01b88fbaf59c84cec66c665832a48441e2/lief-0.17.6-cp312-cp312-macosx_11_0_x86_64.whl", hash = "sha256:e1ded9ee9b5184b5753e4823343e3550a623d34f5407cb2f8d7918e17856d860", size = 3106901, upload-time = "2026-03-18T06:57:55.293Z" },
    { url = "https://files.pythonhosted.org/packages/d5/22/d80506bad2b23d7010ab7c23e81c6c9b099b2860136fd2ae724a2ab2b820/lief-0.17.6-cp312-cp312-manylinux2014_aarch64.whl", hash = "sha256:e29552f52749249c9b05041d96d9156de20207d745916d599b4eb49ee7a8e1bf", size = 3666809, upload-time = "2026-03-18T06:57:57.105Z" },
    { url = "https://files.pythonhosted.org/packages/f4/99/db752fef6c3455c7612a46a834f37a955e329af60546f0e82510653144cd/lief-0.17.6-cp312-cp312-manylinux_2_28_i686.whl", hash = "sha256:e186ac1ea8a5f4729c4b8d2b7f2fe6c55dbf1eddd8bc15fa4d19ed08dfa6cc54", size = 3473955, upload-time = "2026-03-18T06:57:59.043Z" },
    { url = "https://files.pythonhosted.org/packages/6b/9f/77ca67789fda7fee355c8b4e6c58c0717fa4c5c3c5a4272777eb993df172/lief-0.17.6-cp312-cp312-manylinux_2_28_x86_64.whl", hash = "sha256:1df9b22f3851de7d0e86a8731ad07e47ca562ebe430605d90aecfcd6d20125d0", size = 3402099, upload-time = "2026-03-18T06:58:00.999Z" },
    { url = "https://files.pythonhosted.org/packages/82/43/859b6fbd1914d71e20047308719765956856a6f1f19bbbdac44311cd9eda/lief-0.17.6-cp312-cp312-musllinux_1_2_aarch64.whl", hash = "sha256:6484de5a7053c1b7022cb93f41450532f93daaf6b5ce6421c682b87fd2cd2122", size = 3589071, upload-time = "2026-03-18T06:58:02.685Z" },
    { url = "https://files.pythonhosted.org/packages/74/d5/7a042746ca0ac66f17b5dfe9ec3258cdf6bf84d0ba13a23315605038d52e/lief-0.17.6-cp312-cp312-musllinux_1_2_i686.whl", hash = "sha256:04b07e91213ce345febb4698efd310c6745f48190a1d7ce5dd0e7b306839362d", size = 3931684, upload-time = "2026-03-18T06:58:05.038Z" },
    { url = "https://files.pythonhosted.org/packages/21/18/dbe8944ce3a809885ff87afe474c1be3081f1deb264e84a79c5c05b4a6e3/lief-0.17.6-cp312-cp312-musllinux_1_2_x86_64.whl", hash = "sha256:5df55be6cd29c654b8a205846d67637955063ad0cfd83875451f339cf623b101", size = 3703617, upload-time = "2026-03-18T06:58:06.814Z" },
    { url = "https://files.pythonhosted.org/packages/a0/16/c83222badede13959735f3b253fb52d231327b5386d6fd2cf9e3d4b83933/lief-0.17.6-cp312-cp312-win32.whl", hash = "sha256:0aca84f35ec67854ffdb38a23b1848cb214df3e3f95eb7579bac3107e9f68cc8", size = 3446288, upload-time = "2026-03-18T06:58:08.987Z" },
    { url = "https://files.pythonhosted.org/packages/17/d7/cd49540bb32fde031e612044d1345c381e79e5b0729b47ca6b9694a47071/lief-0.17.6-cp312-cp312-win_amd64.whl", hash = "sha256:5a34d651eb82e24a113f837b1a961d23e155be41d72bf39a37407854c6597a8b", size = 3639449, upload-time = "2026-03-18T06:58:10.821Z" },
    { url = "https://files.pythonhosted.org/packages/2e/96/c557b6757b72cfaea89a432e9d0a5ea669970ef9ae8086a17d1f73274156/lief-0.17.6-cp312-cp312-win_arm64.whl", hash = "sha256:234a422fe7158e755ac0acdd0bfdfd41f75392dad9dac147dd3b9c7a9f1a6811", size = 3461129, upload-time = "2026-03-18T06:58:12.651Z" },
    { url = "https://files.pythonhosted.org/packages/9a/40/285c39e29bf7ecf5045f5aef1344419d23ae4c729671157406988570ce02/lief-0.17.6-cp313-cp313-macosx_11_0_arm64.whl", hash = "sha256:7384abed26200f8c6cb50ca9cedac70e7452e85fe72e82d4c5e9050c78eff0ae", size = 2990524, upload-time = "2026-03-18T06:58:14.172Z" },
    { url = "https://files.pythonhosted.org/packages/ac/82/afc7124787b4ae13d84135341d4721da9ed8f699a940bc7e2851e6d25c62/lief-0.17.6-cp313-cp313-macosx_11_0_x86_64.whl", hash = "sha256:7b7759b443745d0e5211d87723c0a84c4a74364ef6194cc8f8d315d98d117648", size = 3106720, upload-time = "2026-03-18T06:58:16.04Z" },
    { url = "https://files.pythonhosted.org/packages/50/96/8aca6e7e70d68cdbd6aecf2adbb88bef1194d5657794c522a09cb0ddafd2/lief-0.17.6-cp313-cp313-manylinux2014_aarch64.whl", hash = "sha256:3e59a64012a602772270aa1a930cff9c39cddca42f0ca5d7f1959f4dd951f38e", size = 3666563, upload-time = "2026-03-18T06:58:18.28Z" },
    { url = "https://files.pythonhosted.org/packages/80/c1/5bdfd614a740f4bd22c20abb4c3b352f082fe75980ea73e6d4fccf356f37/lief-0.17.6-cp313-cp313-manylinux_2_28_i686.whl", hash = "sha256:f764c77c848cf7478623e754099f50699d5e23b5bc4a34ce68cd20af7e0b5541", size = 3473626, upload-time = "2026-03-18T06:58:20.048Z" },
    { url = "https://files.pythonhosted.org/packages/7c/f5/bf4be32af7b1892a8a1a2d3edb75a6a418548801548f39f3f879a6d3be73/lief-0.17.6-cp313-cp313-manylinux_2_28_x86_64.whl", hash = "sha256:520e5f8a7b1e2487630e27639751d9fb13c94205fed72d358a87994e44a73815", size = 3402364, upload-time = "2026-03-18T06:58:21.871Z" },
    { url = "https://files.pythonhosted.org/packages/eb/c5/84aa0c62636d0e0e9754cbab77ab9bb21b306e0be707475045b3d4dc5947/lief-0.17.6-cp313-cp313-musllinux_1_2_aarch64.whl", hash = "sha256:dbfe15d3d21d389857dac8cedc04f03f8ef98c5503e5e147a34480ecbf351826", size = 3589949, upload-time = "2026-03-18T06:58:23.634Z" },
    { url = "https://files.pythonhosted.org/packages/e3/69/d5444ef2ec27adb777f4c08248a934dfdc2c65c1e4f66fbe10faf65fa01f/lief-0.17.6-cp313-cp313-musllinux_1_2_i686.whl", hash = "sha256:de5716279c82640359fe59137ec0572a1ed9859051c1d901de593d6e0e99d9c8", size = 3931688, upload-time = "2026-03-18T06:58:25.49Z" },
    { url = "https://files.pythonhosted.org/packages/58/53/2b8083800a6bc9f157a40ed30b53e6ca81147af565de46623891a45336b0/lief-0.17.6-cp313-cp313-musllinux_1_2_x86_64.whl", hash = "sha256:ef618117ec33665697e3d1fe9c15fac8d6c42e2eeaf4aca9c31ea12fdb056c67", size = 3703589, upload-time = "2026-03-18T06:58:27.27Z" },
    { url = "https://files.pythonhosted.org/packages/1a/ea/51e90c58b40bc316307f2081160ab6100b9e7d177fde3225b441085defd2/lief-0.17.6-cp313-cp313-win32.whl", hash = "sha256:2f669d5b4e63c6e66cac48e07d0f23436bf898ec9d0630016d23250e2eb43d28", size = 3446184, upload-time = "2026-03-18T06:58:28.981Z" },
    { url = "https://files.pythonhosted.org/packages/6b/73/8ddc48c492f3295637a6aa13f07c67387d80c815ee779443938689dc59b4/lief-0.17.6-cp313-cp313-win_amd64.whl", hash = "sha256:51b6c5932d4f36d61fb17fe783d9e1bfba33ec1d72b3d07486c96e6f548781ff", size = 3639310, upload-time = "2026-03-18T06:58:31.162Z" },
    { url = "https://files.pythonhosted.org/packages/bf/bf/b7802b6578ca3a6506aaac6696ac1e8de500419fee3cd288184e82a8c2aa/lief-0.17.6-cp313-cp313-win_arm64.whl", hash = "sha256:6d4eb8adce400af52cc174ac5cbe40ab10b9df5824193975d12e2d4f85b298a3", size = 3461166, upload-time = "2026-03-18T06:58:32.975Z" },
    { url = "https://files.pythonhosted.org/packages/6b/2f/1a0a116cdf4f0e9f1846e34676deed3b1275c432cde8b3aafd4ff9a77175/lief-0.17.6-cp314-cp314-macosx_11_0_arm64.whl", hash = "sha256:af39643ab79ae644d2063a2ef93de908e61a8f40e37b155683c477c1928e6c64", size = 2990571, upload-time = "2026-03-18T06:58:35.046Z" },
    { url = "https://files.pythonhosted.org/packages/76/bd/1bc1c1e364c06b74b9f16089f05622a29ed995fa8b5aba86e0a9fe5500a0/lief-0.17.6-cp314-cp314-macosx_11_0_x86_64.whl", hash = "sha256:c8129a70bc73e04fd9db4f49f386d4336a3a78ceef07c83ca74f9cf464c03c22", size = 3108044, upload-time = "2026-03-18T06:58:36.871Z" },
    { url = "https://files.pythonhosted.org/packages/80/bd/9fab6a9388fec0eec6fc975a1f49e2ff12dd4d75bfebc05d824a612c732c/lief-0.17.6-cp314-cp314-manylinux2014_aarch64.whl", hash = "sha256:b5885e8a422066f3691b9707045b85d9728eaba621991def0b4e0044b0b0b063", size = 3671717, upload-time = "2026-03-18T06:58:39.111Z" },
    { url = "https://files.pythonhosted.org/packages/86/fe/470e32a95d0d95dccee560405cc217b9a739fa96a9536e08515ca3a8df44/lief-0.17.6-cp314-cp314-manylinux_2_28_i686.whl", hash = "sha256:6324add89c366607a6d652553e4cac6309e952ca638c24f38a8b00331f064a50", size = 3473999, upload-time = "2026-03-18T06:58:40.84Z" },
    { url = "https://files.pythonhosted.org/packages/7e/0f/1dcc499697f747a9b8f5274659774a1e6529aa180d59a297619842bf458f/lief-0.17.6-cp314-cp314-manylinux_2_28_x86_64.whl", hash = "sha256:365bf48528339a0d9a5c993b0a54f5c3bb8fcd11ca85797c79f9ae6179777492", size = 3403400, upload-time = "2026-03-18T06:58:42.647Z" },
    { url = "https://files.pythonhosted.org/packages/fb/3a/7e39b5dc0c393142a72e4272c6c812d01eb9e45411f3a9afb88157389aa4/lief-0.17.6-cp314-cp314-musllinux_1_2_aarch64.whl", hash = "sha256:3bd852c4d934d9c8357d6b9491db85e6722bc0076249f8b23a205a8912a85ed5", size = 3589670, upload-time = "2026-03-18T06:58:44.707Z" },
    { url = "https://files.pythonhosted.org/packages/de/7b/b0ffc4a08860f3499d915c4efab20f5abde6722d659c5391332d06957679/lief-0.17.6-cp314-cp314-musllinux_1_2_i686.whl", hash = "sha256:8561a156ccea562e200e5bde0db8070785e3194fcd0ddf9109c8470970978076", size = 3931468, upload-time = "2026-03-18T06:58:46.894Z" },
    { url = "https://files.pythonhosted.org/packages/33/25/0992398b5ce911e29bf7d6a3e1724259358aebe5da543044d3b9ad9b4ffa/lief-0.17.6-cp314-cp314-musllinux_1_2_x86_64.whl", hash = "sha256:a74f792564a5e69915d08530618d79aa1fd8b5e7b72513fac765e1106c63f57a", size = 3705396, upload-time = "2026-03-18T06:58:48.665Z" },
    { url = "https://files.pythonhosted.org/packages/8f/51/f79886a906eee3a5abc58dc30da1e6c22c41c868e0df446fb280ff2344cb/lief-0.17.6-cp314-cp314-win32.whl", hash = "sha256:503fd8df6425a6c0386df9ca6e4f4ce29d07d268f0620ee1d4059eb4d48c2562", size = 3446331, upload-time = "2026-03-18T06:58:50.52Z" },
    { url = "https://files.pythonhosted.org/packages/83/6f/d396dae3808a35699c4be74e356d3e05f58e150fc14b49c39f0bacb62e11/lief-0.17.6-cp314-cp314-win_amd64.whl", hash = "sha256:918ea953830ecf348e5a8d9cf0b1a178035d6d4032bf2a9aa1dc72483e06b3a1", size = 3638021, upload-time = "2026-03-18T06:58:52.275Z" },
    { url = "https://files.pythonhosted.org/packages/e3/4c/02df1befee243e4c14bf5740c391178ba4f7b4602ff08936da170341afe9/lief-0.17.6-cp314-cp314-win_arm64.whl", hash = "sha256:7dcefa6467f0f0d75413a10e7869e488344347f0c67eff5bc49ec216714f0674", size = 3462306, upload-time = "2026-03-18T06:58:54.937Z" },
]

[[package]]
name = "openbachelor-ios"
version = "0.1.0"
source = { editable = "." }
dependencies = [
    { name = "frida" },
    { name = "lief" },
    { name = "prompt-toolkit" },
]

[package.dev-dependencies]
dev = [
    { name = "pytest" },
    { name = "ruff" },
]

[package.metadata]
requires-dist = [
    { name = "frida", specifier = "==17.9.1" },
    { name = "lief", specifier = ">=0.17.6,<0.18" },
    { name = "prompt-toolkit", specifier = ">=3.0.52,<4" },
]

[package.metadata.requires-dev]
dev = [
    { name = "pytest", specifier = ">=9,<10" },
    { name = "ruff", specifier = ">=0.15,<0.16" },
]

[[package]]
name = "packaging"
version = "26.3"
source = { registry = "https://pypi.org/simple" }
sdist = { url = "https://files.pythonhosted.org/packages/7d/fa/3944b40b07da9ce895c0e6303a5ab7d53da063554f534556b134a54d6093/packaging-26.3.tar.gz", hash = "sha256:94edc256424af38762eb31306eed28beb9f0efc50a8837492c9d6fd6004aed79", size = 313412, upload-time = "2026-08-04T18:15:28.737Z" }
wheels = [
    { url = "https://files.pythonhosted.org/packages/63/34/ba1c580383c9eada3711951fef0795c80b829a078d72188184bcab9dd527/packaging-26.3-py3-none-any.whl", hash = "sha256:d7193f7c8e4e93f444fde0262bf90af30e16fa0ad0ad44cb553c87339b23cd1c", size = 129956, upload-time = "2026-08-04T18:15:27.159Z" },
]

[[package]]
name = "pluggy"
version = "1.6.0"
source = { registry = "https://pypi.org/simple" }
sdist = { url = "https://files.pythonhosted.org/packages/f9/e2/3e91f31a7d2b083fe6ef3fa267035b518369d9511ffab804f839851d2779/pluggy-1.6.0.tar.gz", hash = "sha256:7dcc130b76258d33b90f61b658791dede3486c3e6bfb003ee5c9bfb396dd22f3", size = 69412, upload-time = "2025-05-15T12:30:07.975Z" }
wheels = [
    { url = "https://files.pythonhosted.org/packages/54/20/4d324d65cc6d9205fabedc306948156824eb9f0ee1633355a8f7ec5c66bf/pluggy-1.6.0-py3-none-any.whl", hash = "sha256:e920276dd6813095e9377c0bc5566d94c932c33b27a3e3945d8389c374dd4746", size = 20538, upload-time = "2025-05-15T12:30:06.134Z" },
]

[[package]]
name = "prompt-toolkit"
version = "3.0.53"
source = { registry = "https://pypi.org/simple" }
dependencies = [
    { name = "wcwidth" },
]
sdist = { url = "https://files.pythonhosted.org/packages/7d/ea/39b988c938f75cb75d7045b5c69f8bfed47ee2152c8837fb403de29d6fb8/prompt_toolkit-3.0.53.tar.gz", hash = "sha256:9ec8a0ad96d5c56148b3f914aa79c1564c3fde5d2e6b876e7bc327e353cf8fa6", size = 435492, upload-time = "2026-07-26T20:56:14.758Z" }
wheels = [
    { url = "https://files.pythonhosted.org/packages/54/6f/84908cad2d6aa5144abcf7b42709fe4fdb459bc640ec7ac5786e7693dabc/prompt_toolkit-3.0.53-py3-none-any.whl", hash = "sha256:01c0891d7f9237d5e339f7d3e42cdae80b7534abb1c7c0e3352efba6231492f2", size = 392288, upload-time = "2026-07-26T20:56:12.512Z" },
]

[[package]]
name = "pygments"
version = "2.21.0"
source = { registry = "https://pypi.org/simple" }
sdist = { url = "https://files.pythonhosted.org/packages/49/2e/ced460408999b33da6b31b0021b0f37d329e202d4169aeb164493778f25b/pygments-2.21.0.tar.gz", hash = "sha256:610ca751c9bc2492b38eb9a38a7fbc93edbbb2d7182edaf34e66ae493dee5c8c", size = 5005329, upload-time = "2026-08-17T08:02:48.824Z" }
wheels = [
    { url = "https://files.pythonhosted.org/packages/71/46/17f022dd3e953bf20a04a028a21ec746d942f8d2af30fa0f124fa0e6a684/pygments-2.21.0-py3-none-any.whl", hash = "sha256:2363c69b61c4a97c838da3b130dcd6468f4848992b21a82f2a63ec34377137d9", size = 1250147, upload-time = "2026-08-17T08:02:44.912Z" },
]

[[package]]
name = "pytest"
version = "9.1.1"
source = { registry = "https://pypi.org/simple" }
dependencies = [
    { name = "colorama", marker = "sys_platform == 'win32'" },
    { name = "iniconfig" },
    { name = "packaging" },
    { name = "pluggy" },
    { name = "pygments" },
]
sdist = { url = "https://files.pythonhosted.org/packages/e4/47/b9efed96c114afcfa3c9d3fe98a76a1d14c74a9e266d397cf6eb64be5e01/pytest-9.1.1.tar.gz", hash = "sha256:1088fbde8f2b49d95a549a195707afa7a76a3ce9bcadc26b6d71f0ffda5fe313", size = 1636369, upload-time = "2026-06-19T10:58:32.857Z" }
wheels = [
    { url = "https://files.pythonhosted.org/packages/24/25/1de2678b631f5a49215c6c96fff41ba892b0a34df68d6d80292b1b48aa7f/pytest-9.1.1-py3-none-any.whl", hash = "sha256:37a86b45efb9a47a61a36449063e8e18d0cab3161329fc099eb21783169c4f0c", size = 386536, upload-time = "2026-06-19T10:58:31.347Z" },
]

[[package]]
name = "ruff"
version = "0.15.22"
source = { registry = "https://pypi.org/simple" }
sdist = { url = "https://files.pythonhosted.org/packages/3a/06/ae069393fc66e8ff33036d4b368003833bf6e88ccf182e17e7a2f1c754fd/ruff-0.15.22.tar.gz", hash = "sha256:3f15175b1fb580126f58285a5dae6b2ea89000136d980c64499211f116b54809", size = 4785063, upload-time = "2026-07-16T15:14:13.244Z" }
wheels = [
    { url = "https://files.pythonhosted.org/packages/23/18/ee54b7ae1e121be7a28ea6da4b67564ebb0530e183a54415ab7e3bcd2c4e/ruff-0.15.22-py3-none-linux_armv6l.whl", hash = "sha256:44423e73493737f5e7c5b41d475483898ff37afcdae38bc3da5085e29af1c2d8", size = 10781258, upload-time = "2026-07-16T15:13:19.452Z" },
    { url = "https://files.pythonhosted.org/packages/2f/d2/2520cb14761ddbeaf57642a76942fc36adcbdbe53b4532241995f6fc485c/ruff-0.15.22-py3-none-macosx_10_12_x86_64.whl", hash = "sha256:b82c6482946e9eda7ff2e091d25b8bad3f718684e1916d41bd56873cee05b697", size = 10999477, upload-time = "2026-07-16T15:13:23.318Z" },
    { url = "https://files.pythonhosted.org/packages/c9/10/74e53572aa758dfaa678c2a2646b5c5515d884b7ca56be4d2ce03ca4b560/ruff-0.15.22-py3-none-macosx_11_0_arm64.whl", hash = "sha256:11c1c715af53a09f714e011106bffc419751ec8232fcb5da42173284ea3fec6f", size = 10466716, upload-time = "2026-07-16T15:13:26.162Z" },
    { url = "https://files.pythonhosted.org/packages/1e/cc/44eaaf0844e028182f2d0a8f2190d0f359159aed0a9e5ab861d892f1ae2a/ruff-0.15.22-py3-none-manylinux_2_17_aarch64.manylinux2014_aarch64.whl", hash = "sha256:742a29cf29bddb7c8327895d6a10e0e6c5b38a96dd407af9b5d0857f809c0576", size = 10892644, upload-time = "2026-07-16T15:13:29.229Z" },
    { url = "https://files.pythonhosted.org/packages/9f/21/8edf559014d2b0f82beea19cfb713993ad802ccda16868769979c6090a84/ruff-0.15.22-py3-none-manylinux_2_17_armv7l.manylinux2014_armv7l.whl", hash = "sha256:72af58b951b0ae395935ae79763dc349bc0eb706319d28f7a33ad2cfb3cfc178", size = 10576719, upload-time = "2026-07-16T15:13:32.35Z" },
    { url = "https://files.pythonhosted.org/packages/bf/1e/3a13abd392a3b50b62e5938a831f9ab6e588358cacad5c18545b716d2182/ruff-0.15.22-py3-none-manylinux_2_17_i686.manylinux2014_i686.whl", hash = "sha256:62d425005c1835eb24e2ee4161cb90e8db263415f4a71c8c72c33abaa6c0c224", size = 11376494, upload-time = "2026-07-16T15:13:35.958Z" },
    { url = "https://files.pythonhosted.org/packages/bf/3e/422d3d95bcf04dd78e1aeac22184d4f9a8fb2c01865d39d44618484a0317/ruff-0.15.22-py3-none-manylinux_2_17_ppc64le.manylinux2014_ppc64le.whl", hash = "sha256:e8b9b3f8779a4f08c969defc3c8c35abffaa757e601ed5ae66d6d1db6519969a", size = 12208370, upload-time = "2026-07-16T15:13:39.185Z" },
    { url = "https://files.pythonhosted.org/packages/1e/91/5d065a0e0a02bf4813f5119ad278462eed081d2b832eb7c021ade0ec9e65/ruff-0.15.22-py3-none-manylinux_2_17_s390x.manylinux2014_s390x.whl", hash = "sha256:1e0dd1b2e4d3d585f897a0d137cbf4eaf6223bef4e8ce34d6bb12556c5f9249e", size = 11581098, upload-time = "2026-07-16T15:13:42.132Z" },
    { url = "https://files.pythonhosted.org/packages/f6/f9/a0d4871d12fae702eb1f41b686caf05f1f8b124dc6db6f784f53d74918fa/ruff-0.15.22-py3-none-manylinux_2_17_x86_64.manylinux2014_x86_64.whl", hash = "sha256:365523eb91d9224e1bcb03b022fbf0facb8f9e23792a2c53d9d4b3924bdbdebb", size = 11399422, upload-time = "2026-07-16T15:13:45.2Z" },
    { url = "https://files.pythonhosted.org/packages/18/80/c843a5176cddbceb0b7e8dd41cf9993490796c1c469348d384f5a5c13c56/ruff-0.15.22-py3-none-manylinux_2_31_riscv64.whl", hash = "sha256:fabfd168afdf29fee5be98b831efa9683c94d7c5a3b58b9ce5a2e38444589a74", size = 11381683, upload-time = "2026-07-16T15:13:48.46Z" },
    { url = "https://files.pythonhosted.org/packages/d4/00/8485de0ae92239438a36cfc51350db9b9e85c9ebdfaea91b18e422706662/ruff-0.15.22-py3-none-musllinux_1_2_aarch64.whl", hash = "sha256:225dbf095a87f1d9f90f5fd7924d2613ee452a75a4308c63a8f50f761787aa7c", size = 10850295, upload-time = "2026-07-16T15:13:51.655Z" },
    { url = "https://files.pythonhosted.org/packages/fa/91/24977ec2ec72eaf15e4394ace2959fdff2dd1e14f03e005e838023407169/ruff-0.15.22-py3-none-musllinux_1_2_armv7l.whl", hash = "sha256:1877d63b9d24ed278744f1523fd11b85540566d54641f97c566d7d9dc5ca5296", size = 10579640, upload-time = "2026-07-16T15:13:54.79Z" },
    { url = "https://files.pythonhosted.org/packages/9c/47/9b51216951974df1f263ac19da550d34252e0ed7218c25f10c5ef9ed7517/ruff-0.15.22-py3-none-musllinux_1_2_i686.whl", hash = "sha256:a1606c510bd7215680d32efab38965f7cdec3ef69f5170a3f4791404ffdd5262", size = 11105077, upload-time = "2026-07-16T15:13:57.915Z" },
    { url = "https://files.pythonhosted.org/packages/c2/47/20e9d4a3b8016778acea5fc32bb50d35d207500a17ddb529ffa6996feef8/ruff-0.15.22-py3-none-musllinux_1_2_x86_64.whl", hash = "sha256:630479b18625f5ffc373f77603a22a9f8ac0acd7ff0501178b5db28ec71e9c64", size = 11490980, upload-time = "2026-07-16T15:14:01.032Z" },
    { url = "https://files.pythonhosted.org/packages/4d/76/3f72d8fc38c1cb77b38c56a70da9d0c17700cc1cc50f9649c9d3c8f5ba71/ruff-0.15.22-py3-none-win32.whl", hash = "sha256:e5ba0e4a13fd14abbed2a77b517a3911290c6c6c59ef67784328d1668fab76cf", size = 10789165, upload-time = "2026-07-16T15:14:04.16Z" },
    { url = "https://files.pythonhosted.org/packages/cb/46/4965251734c2b6fcdca1b1b187d20bcac3af0ee5b083b89c910bb961ce3a/ruff-0.15.22-py3-none-win_amd64.whl", hash = "sha256:9be63ba1eb936acd2d1342fb8337c356353706fce233b2a15a09a97037e6acde", size = 11938297, upload-time = "2026-07-16T15:14:07.316Z" },
    { url = "https://files.pythonhosted.org/packages/57/c9/e69b1ff4c8b69093ef08b8919ab767af0569666865b39c30a8795d88d3c6/ruff-0.15.22-py3-none-win_arm64.whl", hash = "sha256:e1168075b72158510839f250027659cdd78476f40507dd517892304c41318661", size = 11298172, upload-time = "2026-07-16T15:14:10.51Z" },
]

[[package]]
name = "wcwidth"
version = "0.8.2"
source = { registry = "https://pypi.org/simple" }
sdist = { url = "https://files.pythonhosted.org/packages/34/74/c6428f875774288bec1396f5bfcbc2d925700a4dad61727fd5f2b12f249d/wcwidth-0.8.2.tar.gz", hash = "sha256:91fbef97204b96a3d4d421609b80340b760cf33e26da123ff243d76b1fda8dda", size = 1466253, upload-time = "2026-06-29T18:11:11.601Z" }
wheels = [
    { url = "https://files.pythonhosted.org/packages/96/42/3e5985a0a7e57de470b320c6d6a1a67c844f6737a587f3d44dd13d1819e7/wcwidth-0.8.2-py3-none-any.whl", hash = "sha256:d63947694a0539a1d51e01eda7caf800c291020e6cdd7e28ad7b14dd33ad4f85", size = 323166, upload-time = "2026-06-29T18:11:09.888Z" },
]
